
Microsoft Visual Studio Solution File, Format Version 12.00
# Visual Studio Version 17
VisualStudioVersion = 17.3.32929.385
MinimumVisualStudioVersion = 10.0.40219.1
Project("{FAE04EC0-301F-11D3-BF4B-00C04F79EFBC}") = "GithubDownloadStats", "GithubDownloadStats\GithubDownloadStats.csproj", "{0DE5E084-D73F-4495-A08B-8834CE881450}"
EndProject
Global
	GlobalSection(SolutionConfigurationPlatforms) = preSolution
		Debug|Any CPU = Debug|Any CPU
		Release|Any CPU = Release|Any CPU
	EndGlobalSection
	GlobalSection(ProjectConfigurationPlatforms) = postSolution
		{0DE5E084-D73F-4495-A08B-8834CE881450}.Debug|Any CPU.ActiveCfg = Debug|Any CPU
		{0DE5E084-D73F-4495-A08B-8834CE881450}.Debug|Any CPU.Build.0 = Debug|Any CPU
		{0DE5E084-D73F-4495-A08B-8834CE881450}.Release|Any CPU.ActiveCfg = Release|Any CPU
		{0DE5E084-D73F-4495-A08B-8834CE881450}.Release|Any CPU.Build.0 = Release|Any CPU
	EndGlobalSection
	GlobalSection(SolutionProperties) = preSolution
		HideSolutionNode = FALSE
	EndGlobalSection
	GlobalSection(ExtensibilityGlobals) = postSolution
		SolutionGuid = {776F7908-40A8-4796-A355-F7915B2E40D6}
	EndGlobalSection
EndGlobal
